
Microsoft Visual Studio Solution File, Format Version 12.00
# Visual Studio Version 16
VisualStudioVersion = 16.0.31624.102
MinimumVisualStudioVersion = 10.0.40219.1
Project("{FAE04EC0-301F-11D3-BF4B-00C04F79EFBC}") = "Questão 01-a", "Questão 01-a.csproj", "{0A82822A-41FF-4E68-9B77-8FA6F30A8760}"
EndProject
Global
	GlobalSection(SolutionConfigurationPlatforms) = preSolution
		Debug|Any CPU = Debug|Any CPU
		Release|Any CPU = Release|Any CPU
	EndGlobalSection
	GlobalSection(ProjectConfigurationPlatforms) = postSolution
		{0A82822A-41FF-4E68-9B77-8FA6F30A8760}.Debug|Any CPU.ActiveCfg = Debug|Any CPU
		{0A82822A-41FF-4E68-9B77-8FA6F30A8760}.Debug|Any CPU.Build.0 = Debug|Any CPU
		{0A82822A-41FF-4E68-9B77-8FA6F30A8760}.Release|Any CPU.ActiveCfg = Release|Any CPU
		{0A82822A-41FF-4E68-9B77-8FA6F30A8760}.Release|Any CPU.Build.0 = Release|Any CPU
	EndGlobalSection
	GlobalSection(SolutionProperties) = preSolution
		HideSolutionNode = FALSE
	EndGlobalSection
	GlobalSection(ExtensibilityGlobals) = postSolution
		SolutionGuid = {ABD4BDFC-2917-4F4E-8418-D1CBFD469831}
	EndGlobalSection
EndGlobal
