
Microsoft Visual Studio Solution File, Format Version 12.00
# Visual Studio Version 16
VisualStudioVersion = 16.0.31624.102
MinimumVisualStudioVersion = 10.0.40219.1
Project("{FAE04EC0-301F-11D3-BF4B-00C04F79EFBC}") = "Questão 02", "Questão 02.csproj", "{C6D38BBD-19A3-4A36-987F-5AA5F02761E5}"
EndProject
Global
	GlobalSection(SolutionConfigurationPlatforms) = preSolution
		Debug|Any CPU = Debug|Any CPU
		Release|Any CPU = Release|Any CPU
	EndGlobalSection
	GlobalSection(ProjectConfigurationPlatforms) = postSolution
		{C6D38BBD-19A3-4A36-987F-5AA5F02761E5}.Debug|Any CPU.ActiveCfg = Debug|Any CPU
		{C6D38BBD-19A3-4A36-987F-5AA5F02761E5}.Debug|Any CPU.Build.0 = Debug|Any CPU
		{C6D38BBD-19A3-4A36-987F-5AA5F02761E5}.Release|Any CPU.ActiveCfg = Release|Any CPU
		{C6D38BBD-19A3-4A36-987F-5AA5F02761E5}.Release|Any CPU.Build.0 = Release|Any CPU
	EndGlobalSection
	GlobalSection(SolutionProperties) = preSolution
		HideSolutionNode = FALSE
	EndGlobalSection
	GlobalSection(ExtensibilityGlobals) = postSolution
		SolutionGuid = {BDB39092-9687-4825-AAA0-8562FFAFC528}
	EndGlobalSection
EndGlobal
