
Microsoft Visual Studio Solution File, Format Version 12.00
# Visual Studio 15
VisualStudioVersion = 15.0.27703.2035
MinimumVisualStudioVersion = 10.0.40219.1
Project("{FAE04EC0-301F-11D3-BF4B-00C04F79EFBC}") = "Questao 01", "Questao 01\Questao 01.csproj", "{22E5CADF-9D8B-4980-9D37-B0A5D8D539F9}"
EndProject
Global
	GlobalSection(SolutionConfigurationPlatforms) = preSolution
		Debug|Any CPU = Debug|Any CPU
		Release|Any CPU = Release|Any CPU
	EndGlobalSection
	GlobalSection(ProjectConfigurationPlatforms) = postSolution
		{22E5CADF-9D8B-4980-9D37-B0A5D8D539F9}.Debug|Any CPU.ActiveCfg = Debug|Any CPU
		{22E5CADF-9D8B-4980-9D37-B0A5D8D539F9}.Debug|Any CPU.Build.0 = Debug|Any CPU
		{22E5CADF-9D8B-4980-9D37-B0A5D8D539F9}.Release|Any CPU.ActiveCfg = Release|Any CPU
		{22E5CADF-9D8B-4980-9D37-B0A5D8D539F9}.Release|Any CPU.Build.0 = Release|Any CPU
	EndGlobalSection
	GlobalSection(SolutionProperties) = preSolution
		HideSolutionNode = FALSE
	EndGlobalSection
	GlobalSection(ExtensibilityGlobals) = postSolution
		SolutionGuid = {6112BA06-9734-4ADD-A493-2237E44515E1}
	EndGlobalSection
EndGlobal
