
Microsoft Visual Studio Solution File, Format Version 12.00
# Visual Studio Version 16
VisualStudioVersion = 16.0.31624.102
MinimumVisualStudioVersion = 10.0.40219.1
Project("{FAE04EC0-301F-11D3-BF4B-00C04F79EFBC}") = "Arquivos", "Arquivos.csproj", "{86942CB3-CBBF-4D64-BCF8-07509C7263D3}"
EndProject
Global
	GlobalSection(SolutionConfigurationPlatforms) = preSolution
		Debug|Any CPU = Debug|Any CPU
		Release|Any CPU = Release|Any CPU
	EndGlobalSection
	GlobalSection(ProjectConfigurationPlatforms) = postSolution
		{86942CB3-CBBF-4D64-BCF8-07509C7263D3}.Debug|Any CPU.ActiveCfg = Debug|Any CPU
		{86942CB3-CBBF-4D64-BCF8-07509C7263D3}.Debug|Any CPU.Build.0 = Debug|Any CPU
		{86942CB3-CBBF-4D64-BCF8-07509C7263D3}.Release|Any CPU.ActiveCfg = Release|Any CPU
		{86942CB3-CBBF-4D64-BCF8-07509C7263D3}.Release|Any CPU.Build.0 = Release|Any CPU
	EndGlobalSection
	GlobalSection(SolutionProperties) = preSolution
		HideSolutionNode = FALSE
	EndGlobalSection
	GlobalSection(ExtensibilityGlobals) = postSolution
		SolutionGuid = {CF051F5D-F91E-4639-9995-D04B69896F76}
	EndGlobalSection
EndGlobal
