
Microsoft Visual Studio Solution File, Format Version 12.00
# Visual Studio 15
VisualStudioVersion = 15.0.27703.2035
MinimumVisualStudioVersion = 10.0.40219.1
Project("{FAE04EC0-301F-11D3-BF4B-00C04F79EFBC}") = "Questao 02", "Questao 02\Questao 02.csproj", "{F626B0C7-269F-44A6-9293-24D036A8A2FF}"
EndProject
Global
	GlobalSection(SolutionConfigurationPlatforms) = preSolution
		Debug|Any CPU = Debug|Any CPU
		Release|Any CPU = Release|Any CPU
	EndGlobalSection
	GlobalSection(ProjectConfigurationPlatforms) = postSolution
		{F626B0C7-269F-44A6-9293-24D036A8A2FF}.Debug|Any CPU.ActiveCfg = Debug|Any CPU
		{F626B0C7-269F-44A6-9293-24D036A8A2FF}.Debug|Any CPU.Build.0 = Debug|Any CPU
		{F626B0C7-269F-44A6-9293-24D036A8A2FF}.Release|Any CPU.ActiveCfg = Release|Any CPU
		{F626B0C7-269F-44A6-9293-24D036A8A2FF}.Release|Any CPU.Build.0 = Release|Any CPU
	EndGlobalSection
	GlobalSection(SolutionProperties) = preSolution
		HideSolutionNode = FALSE
	EndGlobalSection
	GlobalSection(ExtensibilityGlobals) = postSolution
		SolutionGuid = {FF0F5AA8-1F1E-4CD0-9B6A-4BF9FC63A48C}
	EndGlobalSection
EndGlobal
