
Microsoft Visual Studio Solution File, Format Version 12.00
# Visual Studio 15
VisualStudioVersion = 15.0.27703.2035
MinimumVisualStudioVersion = 10.0.40219.1
Project("{FAE04EC0-301F-11D3-BF4B-00C04F79EFBC}") = "Questao 03", "Questao 03\Questao 03.csproj", "{02EFB6A4-56E7-4507-8921-0927FEBF355B}"
EndProject
Global
	GlobalSection(SolutionConfigurationPlatforms) = preSolution
		Debug|Any CPU = Debug|Any CPU
		Release|Any CPU = Release|Any CPU
	EndGlobalSection
	GlobalSection(ProjectConfigurationPlatforms) = postSolution
		{02EFB6A4-56E7-4507-8921-0927FEBF355B}.Debug|Any CPU.ActiveCfg = Debug|Any CPU
		{02EFB6A4-56E7-4507-8921-0927FEBF355B}.Debug|Any CPU.Build.0 = Debug|Any CPU
		{02EFB6A4-56E7-4507-8921-0927FEBF355B}.Release|Any CPU.ActiveCfg = Release|Any CPU
		{02EFB6A4-56E7-4507-8921-0927FEBF355B}.Release|Any CPU.Build.0 = Release|Any CPU
	EndGlobalSection
	GlobalSection(SolutionProperties) = preSolution
		HideSolutionNode = FALSE
	EndGlobalSection
	GlobalSection(ExtensibilityGlobals) = postSolution
		SolutionGuid = {E6A121C6-41D5-4372-BCEC-F8000A622F36}
	EndGlobalSection
EndGlobal
