
Microsoft Visual Studio Solution File, Format Version 12.00
# Visual Studio Version 16
VisualStudioVersion = 16.0.31624.102
MinimumVisualStudioVersion = 10.0.40219.1
Project("{FAE04EC0-301F-11D3-BF4B-00C04F79EFBC}") = "Questão 01-b", "Questão 01-b.csproj", "{381C0429-5110-4950-888D-888067501027}"
EndProject
Global
	GlobalSection(SolutionConfigurationPlatforms) = preSolution
		Debug|Any CPU = Debug|Any CPU
		Release|Any CPU = Release|Any CPU
	EndGlobalSection
	GlobalSection(ProjectConfigurationPlatforms) = postSolution
		{381C0429-5110-4950-888D-888067501027}.Debug|Any CPU.ActiveCfg = Debug|Any CPU
		{381C0429-5110-4950-888D-888067501027}.Debug|Any CPU.Build.0 = Debug|Any CPU
		{381C0429-5110-4950-888D-888067501027}.Release|Any CPU.ActiveCfg = Release|Any CPU
		{381C0429-5110-4950-888D-888067501027}.Release|Any CPU.Build.0 = Release|Any CPU
	EndGlobalSection
	GlobalSection(SolutionProperties) = preSolution
		HideSolutionNode = FALSE
	EndGlobalSection
	GlobalSection(ExtensibilityGlobals) = postSolution
		SolutionGuid = {2C26DE97-45F5-4D92-8AB5-8CEE119655C5}
	EndGlobalSection
EndGlobal
