
Microsoft Visual Studio Solution File, Format Version 12.00
# Visual Studio Version 16
VisualStudioVersion = 16.0.31702.278
MinimumVisualStudioVersion = 10.0.40219.1
Project("{FAE04EC0-301F-11D3-BF4B-00C04F79EFBC}") = "Trabalho_de_Resolução_de_Questões", "Trabalho 2C\Trabalho_de_Resolução_de_Questões.csproj", "{170F7787-D9A2-4759-A7AF-FA69558B3D4F}"
EndProject
Global
	GlobalSection(SolutionConfigurationPlatforms) = preSolution
		Debug|Any CPU = Debug|Any CPU
		Release|Any CPU = Release|Any CPU
	EndGlobalSection
	GlobalSection(ProjectConfigurationPlatforms) = postSolution
		{170F7787-D9A2-4759-A7AF-FA69558B3D4F}.Debug|Any CPU.ActiveCfg = Debug|Any CPU
		{170F7787-D9A2-4759-A7AF-FA69558B3D4F}.Debug|Any CPU.Build.0 = Debug|Any CPU
		{170F7787-D9A2-4759-A7AF-FA69558B3D4F}.Release|Any CPU.ActiveCfg = Release|Any CPU
		{170F7787-D9A2-4759-A7AF-FA69558B3D4F}.Release|Any CPU.Build.0 = Release|Any CPU
	EndGlobalSection
	GlobalSection(SolutionProperties) = preSolution
		HideSolutionNode = FALSE
	EndGlobalSection
	GlobalSection(ExtensibilityGlobals) = postSolution
		SolutionGuid = {FA1A1FEE-36C7-49D8-8E66-E5E0636D4FE0}
	EndGlobalSection
EndGlobal
